
Microsoft Visual Studio Solution File, Format Version 12.00
# Visual Studio 15
Project("{FAE04EC0-301F-11D3-BF4B-00C04F79EFBC}") = "unity-game", "unity-game.csproj", "{FE536787-2B35-2A4B-CEB3-C47A2F9E8093}"
EndProject
Global
	GlobalSection(SolutionConfigurationPlatforms) = preSolution
		Debug|Any CPU = Debug|Any CPU
		Release|Any CPU = Release|Any CPU
	EndGlobalSection
	GlobalSection(ProjectConfigurationPlatforms) = postSolution
		{FE536787-2B35-2A4B-CEB3-C47A2F9E8093}.Debug|Any CPU.ActiveCfg = Debug|Any CPU
		{FE536787-2B35-2A4B-CEB3-C47A2F9E8093}.Debug|Any CPU.Build.0 = Debug|Any CPU
		{FE536787-2B35-2A4B-CEB3-C47A2F9E8093}.Release|Any CPU.ActiveCfg = Release|Any CPU
		{FE536787-2B35-2A4B-CEB3-C47A2F9E8093}.Release|Any CPU.Build.0 = Release|Any CPU
	EndGlobalSection
	GlobalSection(SolutionProperties) = preSolution
		HideSolutionNode = FALSE
	EndGlobalSection
EndGlobal
